
Microsoft Visual Studio Solution File, Format Version 11.00
# Visual Studio 2010
Project("{FAE04EC0-301F-11D3-BF4B-00C04F79EFBC}") = "d2042_012form", "d2042_012form\d2042_012form.csproj", "{59109831-4307-4D1B-BCBB-F2897FA820A5}"
EndProject
Project("{FAE04EC0-301F-11D3-BF4B-00C04F79EFBC}") = "d2042_022icon", "d2042_022icon\d2042_022icon.csproj", "{6DB33AD7-68D2-4B50-959A-CCA422FCA256}"
EndProject
Project("{FAE04EC0-301F-11D3-BF4B-00C04F79EFBC}") = "d2042_032color", "d2042_032color\d2042_032color.csproj", "{40B2A7BB-EE96-4147-8214-ADA9D5002556}"
EndProject
Project("{FAE04EC0-301F-11D3-BF4B-00C04F79EFBC}") = "d2042_042combo", "d2042_042combo\d2042_042combo.csproj", "{9C420AA8-2856-4580-A111-E9DF6FC64E72}"
EndProject
Project("{FAE04EC0-301F-11D3-BF4B-00C04F79EFBC}") = "d2042_052picker", "d2042_052picker\d2042_052picker.csproj", "{B6C4B800-5D1C-4EF8-836B-D2A96959DA2D}"
EndProject
Project("{FAE04EC0-301F-11D3-BF4B-00C04F79EFBC}") = "d2042_062Font", "d2042_062Font\d2042_062Font.csproj", "{D675DC36-D166-44F2-AC99-044DE6220CCD}"
EndProject
Project("{FAE04EC0-301F-11D3-BF4B-00C04F79EFBC}") = "d2042_072ListBox", "d2042_072ListBox\d2042_072ListBox.csproj", "{CA491042-55B4-4151-B65E-7009CFBA790E}"
EndProject
Project("{FAE04EC0-301F-11D3-BF4B-00C04F79EFBC}") = "d2042_082FileDialog", "d2042_082FileDialog\d2042_082FileDialog.csproj", "{057DC884-C864-440B-AB3E-E72EFD6AC631}"
EndProject
Project("{FAE04EC0-301F-11D3-BF4B-00C04F79EFBC}") = "d2042_082Picturebox", "d2042_082Picturebox\d2042_082Picturebox.csproj", "{0232F0AE-4370-4B6B-968C-F3787BF085C2}"
EndProject
Project("{FAE04EC0-301F-11D3-BF4B-00C04F79EFBC}") = "d2042_102ProgressBar", "d2042_102ProgressBar\d2042_102ProgressBar.csproj", "{33A02747-FDF1-424F-AFE9-F27D5F3828E8}"
EndProject
Project("{FAE04EC0-301F-11D3-BF4B-00C04F79EFBC}") = "d2042_102SaveFileDialog", "d2042_102SaveFileDialog\d2042_102SaveFileDialog.csproj", "{604389E6-37A9-48E7-B31C-76874CC42F4E}"
EndProject
Project("{FAE04EC0-301F-11D3-BF4B-00C04F79EFBC}") = "d2042_112Resize", "d2042_112Resize\d2042_112Resize.csproj", "{9F18D851-0484-459C-922D-7945ABF3DFCE}"
EndProject
Project("{FAE04EC0-301F-11D3-BF4B-00C04F79EFBC}") = "d2042_132Resize", "d2042_132Resize\d2042_132Resize.csproj", "{98BC3522-CE56-417D-9D73-87A2CF2E2F85}"
EndProject
Project("{FAE04EC0-301F-11D3-BF4B-00C04F79EFBC}") = "d2042_142Clipboard", "d2042_142Clipboard\d2042_142Clipboard.csproj", "{0A99513B-79F6-48ED-BFF2-ED2F5F2928B1}"
EndProject
Global
	GlobalSection(SolutionConfigurationPlatforms) = preSolution
		Debug|x86 = Debug|x86
		Release|x86 = Release|x86
	EndGlobalSection
	GlobalSection(ProjectConfigurationPlatforms) = postSolution
		{59109831-4307-4D1B-BCBB-F2897FA820A5}.Debug|x86.ActiveCfg = Debug|x86
		{59109831-4307-4D1B-BCBB-F2897FA820A5}.Debug|x86.Build.0 = Debug|x86
		{59109831-4307-4D1B-BCBB-F2897FA820A5}.Release|x86.ActiveCfg = Release|x86
		{59109831-4307-4D1B-BCBB-F2897FA820A5}.Release|x86.Build.0 = Release|x86
		{6DB33AD7-68D2-4B50-959A-CCA422FCA256}.Debug|x86.ActiveCfg = Debug|x86
		{6DB33AD7-68D2-4B50-959A-CCA422FCA256}.Debug|x86.Build.0 = Debug|x86
		{6DB33AD7-68D2-4B50-959A-CCA422FCA256}.Release|x86.ActiveCfg = Release|x86
		{6DB33AD7-68D2-4B50-959A-CCA422FCA256}.Release|x86.Build.0 = Release|x86
		{40B2A7BB-EE96-4147-8214-ADA9D5002556}.Debug|x86.ActiveCfg = Debug|x86
		{40B2A7BB-EE96-4147-8214-ADA9D5002556}.Debug|x86.Build.0 = Debug|x86
		{40B2A7BB-EE96-4147-8214-ADA9D5002556}.Release|x86.ActiveCfg = Release|x86
		{40B2A7BB-EE96-4147-8214-ADA9D5002556}.Release|x86.Build.0 = Release|x86
		{9C420AA8-2856-4580-A111-E9DF6FC64E72}.Debug|x86.ActiveCfg = Debug|x86
		{9C420AA8-2856-4580-A111-E9DF6FC64E72}.Debug|x86.Build.0 = Debug|x86
		{9C420AA8-2856-4580-A111-E9DF6FC64E72}.Release|x86.ActiveCfg = Release|x86
		{9C420AA8-2856-4580-A111-E9DF6FC64E72}.Release|x86.Build.0 = Release|x86
		{B6C4B800-5D1C-4EF8-836B-D2A96959DA2D}.Debug|x86.ActiveCfg = Debug|x86
		{B6C4B800-5D1C-4EF8-836B-D2A96959DA2D}.Debug|x86.Build.0 = Debug|x86
		{B6C4B800-5D1C-4EF8-836B-D2A96959DA2D}.Release|x86.ActiveCfg = Release|x86
		{B6C4B800-5D1C-4EF8-836B-D2A96959DA2D}.Release|x86.Build.0 = Release|x86
		{D675DC36-D166-44F2-AC99-044DE6220CCD}.Debug|x86.ActiveCfg = Debug|x86
		{D675DC36-D166-44F2-AC99-044DE6220CCD}.Debug|x86.Build.0 = Debug|x86
		{D675DC36-D166-44F2-AC99-044DE6220CCD}.Release|x86.ActiveCfg = Release|x86
		{D675DC36-D166-44F2-AC99-044DE6220CCD}.Release|x86.Build.0 = Release|x86
		{CA491042-55B4-4151-B65E-7009CFBA790E}.Debug|x86.ActiveCfg = Debug|x86
		{CA491042-55B4-4151-B65E-7009CFBA790E}.Debug|x86.Build.0 = Debug|x86
		{CA491042-55B4-4151-B65E-7009CFBA790E}.Release|x86.ActiveCfg = Release|x86
		{CA491042-55B4-4151-B65E-7009CFBA790E}.Release|x86.Build.0 = Release|x86
		{057DC884-C864-440B-AB3E-E72EFD6AC631}.Debug|x86.ActiveCfg = Debug|x86
		{057DC884-C864-440B-AB3E-E72EFD6AC631}.Debug|x86.Build.0 = Debug|x86
		{057DC884-C864-440B-AB3E-E72EFD6AC631}.Release|x86.ActiveCfg = Release|x86
		{057DC884-C864-440B-AB3E-E72EFD6AC631}.Release|x86.Build.0 = Release|x86
		{0232F0AE-4370-4B6B-968C-F3787BF085C2}.Debug|x86.ActiveCfg = Debug|x86
		{0232F0AE-4370-4B6B-968C-F3787BF085C2}.Debug|x86.Build.0 = Debug|x86
		{0232F0AE-4370-4B6B-968C-F3787BF085C2}.Release|x86.ActiveCfg = Release|x86
		{0232F0AE-4370-4B6B-968C-F3787BF085C2}.Release|x86.Build.0 = Release|x86
		{33A02747-FDF1-424F-AFE9-F27D5F3828E8}.Debug|x86.ActiveCfg = Debug|x86
		{33A02747-FDF1-424F-AFE9-F27D5F3828E8}.Debug|x86.Build.0 = Debug|x86
		{33A02747-FDF1-424F-AFE9-F27D5F3828E8}.Release|x86.ActiveCfg = Release|x86
		{33A02747-FDF1-424F-AFE9-F27D5F3828E8}.Release|x86.Build.0 = Release|x86
		{604389E6-37A9-48E7-B31C-76874CC42F4E}.Debug|x86.ActiveCfg = Debug|x86
		{604389E6-37A9-48E7-B31C-76874CC42F4E}.Debug|x86.Build.0 = Debug|x86
		{604389E6-37A9-48E7-B31C-76874CC42F4E}.Release|x86.ActiveCfg = Release|x86
		{604389E6-37A9-48E7-B31C-76874CC42F4E}.Release|x86.Build.0 = Release|x86
		{9F18D851-0484-459C-922D-7945ABF3DFCE}.Debug|x86.ActiveCfg = Debug|x86
		{9F18D851-0484-459C-922D-7945ABF3DFCE}.Debug|x86.Build.0 = Debug|x86
		{9F18D851-0484-459C-922D-7945ABF3DFCE}.Release|x86.ActiveCfg = Release|x86
		{9F18D851-0484-459C-922D-7945ABF3DFCE}.Release|x86.Build.0 = Release|x86
		{98BC3522-CE56-417D-9D73-87A2CF2E2F85}.Debug|x86.ActiveCfg = Debug|x86
		{98BC3522-CE56-417D-9D73-87A2CF2E2F85}.Debug|x86.Build.0 = Debug|x86
		{98BC3522-CE56-417D-9D73-87A2CF2E2F85}.Release|x86.ActiveCfg = Release|x86
		{98BC3522-CE56-417D-9D73-87A2CF2E2F85}.Release|x86.Build.0 = Release|x86
		{0A99513B-79F6-48ED-BFF2-ED2F5F2928B1}.Debug|x86.ActiveCfg = Debug|x86
		{0A99513B-79F6-48ED-BFF2-ED2F5F2928B1}.Debug|x86.Build.0 = Debug|x86
		{0A99513B-79F6-48ED-BFF2-ED2F5F2928B1}.Release|x86.ActiveCfg = Release|x86
		{0A99513B-79F6-48ED-BFF2-ED2F5F2928B1}.Release|x86.Build.0 = Release|x86
	EndGlobalSection
	GlobalSection(SolutionProperties) = preSolution
		HideSolutionNode = FALSE
	EndGlobalSection
EndGlobal
